
Microsoft Visual Studio Solution File, Format Version 12.00
# Visual Studio Version 17
VisualStudioVersion = 17.3.32922.545
MinimumVisualStudioVersion = 10.0.40219.1
Project("{8BC9CEB8-8B4A-11D0-8D11-00A0C91BC942}") = "plmpp", "plmpp\plmpp.vcxproj", "{67E50F4D-91E8-4164-9C4A-9EC82537A660}"
EndProject
Project("{8BC9CEB8-8B4A-11D0-8D11-00A0C91BC942}") = "omfcmp", "omfcmp\omfcmp.vcxproj", "{BAAA7C4A-92B2-4FB6-B65D-2ECEEC5E6334}"
EndProject
Project("{8BC9CEB8-8B4A-11D0-8D11-00A0C91BC942}") = "aomf2bin", "aomf2bin\aomf2bin.vcxproj", "{7728CD9D-0C26-462C-979A-F9064253BE51}"
EndProject
Project("{8BC9CEB8-8B4A-11D0-8D11-00A0C91BC942}") = "unpack", "unpack\unpack.vcxproj", "{479A15B5-1B67-4EE5-8642-1BA0A10787A2}"
EndProject
Project("{8BC9CEB8-8B4A-11D0-8D11-00A0C91BC942}") = "genpatch", "genpatch\genpatch.vcxproj", "{EFE3760D-27BB-46FF-AEDB-28EBAE367EAE}"
EndProject
Project("{8BC9CEB8-8B4A-11D0-8D11-00A0C91BC942}") = "fixobj", "fixobj\fixobj.vcxproj", "{583252BA-2B11-408E-AC77-4C0C610737EF}"
EndProject
Project("{8BC9CEB8-8B4A-11D0-8D11-00A0C91BC942}") = "dumpomf", "dumpomf\dumpomf.vcxproj", "{B220E704-6CF2-4339-801A-00CF0B6DD170}"
EndProject
Project("{8BC9CEB8-8B4A-11D0-8D11-00A0C91BC942}") = "abstool", "abstool\abstool.vcxproj", "{8919B14E-4B86-4EDC-8A9F-0B27D8615000}"
EndProject
Project("{8BC9CEB8-8B4A-11D0-8D11-00A0C91BC942}") = "version", "shared\shared.vcxitems", "{8722EC3B-B930-4D3D-BB7C-3AD03CFF4954}"
EndProject
Project("{FAE04EC0-301F-11D3-BF4B-00C04F79EFBC}") = "disIntelLib", "disIntelLib\disIntelLib.csproj", "{AB4BFDCE-96B3-4B88-B5EE-4DF179B545A3}"
EndProject
Global
	GlobalSection(SolutionConfigurationPlatforms) = preSolution
		Debug|Any CPU = Debug|Any CPU
		Debug|Win32 = Debug|Win32
		Debug|x64 = Debug|x64
		Release|Any CPU = Release|Any CPU
		Release|Win32 = Release|Win32
		Release|x64 = Release|x64
	EndGlobalSection
	GlobalSection(ProjectConfigurationPlatforms) = postSolution
		{67E50F4D-91E8-4164-9C4A-9EC82537A660}.Debug|Any CPU.ActiveCfg = Debug|Win32
		{67E50F4D-91E8-4164-9C4A-9EC82537A660}.Debug|Win32.ActiveCfg = Debug|Win32
		{67E50F4D-91E8-4164-9C4A-9EC82537A660}.Debug|Win32.Build.0 = Debug|Win32
		{67E50F4D-91E8-4164-9C4A-9EC82537A660}.Debug|x64.ActiveCfg = Debug|x64
		{67E50F4D-91E8-4164-9C4A-9EC82537A660}.Debug|x64.Build.0 = Debug|x64
		{67E50F4D-91E8-4164-9C4A-9EC82537A660}.Release|Any CPU.ActiveCfg = Release|Win32
		{67E50F4D-91E8-4164-9C4A-9EC82537A660}.Release|Win32.ActiveCfg = Release|Win32
		{67E50F4D-91E8-4164-9C4A-9EC82537A660}.Release|Win32.Build.0 = Release|Win32
		{67E50F4D-91E8-4164-9C4A-9EC82537A660}.Release|x64.ActiveCfg = Release|x64
		{67E50F4D-91E8-4164-9C4A-9EC82537A660}.Release|x64.Build.0 = Release|x64
		{BAAA7C4A-92B2-4FB6-B65D-2ECEEC5E6334}.Debug|Any CPU.ActiveCfg = Debug|Win32
		{BAAA7C4A-92B2-4FB6-B65D-2ECEEC5E6334}.Debug|Win32.ActiveCfg = Debug|Win32
		{BAAA7C4A-92B2-4FB6-B65D-2ECEEC5E6334}.Debug|Win32.Build.0 = Debug|Win32
		{BAAA7C4A-92B2-4FB6-B65D-2ECEEC5E6334}.Debug|x64.ActiveCfg = Debug|x64
		{BAAA7C4A-92B2-4FB6-B65D-2ECEEC5E6334}.Debug|x64.Build.0 = Debug|x64
		{BAAA7C4A-92B2-4FB6-B65D-2ECEEC5E6334}.Release|Any CPU.ActiveCfg = Release|Win32
		{BAAA7C4A-92B2-4FB6-B65D-2ECEEC5E6334}.Release|Win32.ActiveCfg = Release|Win32
		{BAAA7C4A-92B2-4FB6-B65D-2ECEEC5E6334}.Release|Win32.Build.0 = Release|Win32
		{BAAA7C4A-92B2-4FB6-B65D-2ECEEC5E6334}.Release|x64.ActiveCfg = Release|x64
		{BAAA7C4A-92B2-4FB6-B65D-2ECEEC5E6334}.Release|x64.Build.0 = Release|x64
		{7728CD9D-0C26-462C-979A-F9064253BE51}.Debug|Any CPU.ActiveCfg = Debug|Win32
		{7728CD9D-0C26-462C-979A-F9064253BE51}.Debug|Win32.ActiveCfg = Debug|Win32
		{7728CD9D-0C26-462C-979A-F9064253BE51}.Debug|Win32.Build.0 = Debug|Win32
		{7728CD9D-0C26-462C-979A-F9064253BE51}.Debug|x64.ActiveCfg = Debug|x64
		{7728CD9D-0C26-462C-979A-F9064253BE51}.Debug|x64.Build.0 = Debug|x64
		{7728CD9D-0C26-462C-979A-F9064253BE51}.Release|Any CPU.ActiveCfg = Release|Win32
		{7728CD9D-0C26-462C-979A-F9064253BE51}.Release|Win32.ActiveCfg = Release|Win32
		{7728CD9D-0C26-462C-979A-F9064253BE51}.Release|Win32.Build.0 = Release|Win32
		{7728CD9D-0C26-462C-979A-F9064253BE51}.Release|x64.ActiveCfg = Release|x64
		{7728CD9D-0C26-462C-979A-F9064253BE51}.Release|x64.Build.0 = Release|x64
		{479A15B5-1B67-4EE5-8642-1BA0A10787A2}.Debug|Any CPU.ActiveCfg = Debug|Win32
		{479A15B5-1B67-4EE5-8642-1BA0A10787A2}.Debug|Win32.ActiveCfg = Debug|Win32
		{479A15B5-1B67-4EE5-8642-1BA0A10787A2}.Debug|Win32.Build.0 = Debug|Win32
		{479A15B5-1B67-4EE5-8642-1BA0A10787A2}.Debug|x64.ActiveCfg = Debug|x64
		{479A15B5-1B67-4EE5-8642-1BA0A10787A2}.Debug|x64.Build.0 = Debug|x64
		{479A15B5-1B67-4EE5-8642-1BA0A10787A2}.Release|Any CPU.ActiveCfg = Release|Win32
		{479A15B5-1B67-4EE5-8642-1BA0A10787A2}.Release|Win32.ActiveCfg = Release|Win32
		{479A15B5-1B67-4EE5-8642-1BA0A10787A2}.Release|Win32.Build.0 = Release|Win32
		{479A15B5-1B67-4EE5-8642-1BA0A10787A2}.Release|x64.ActiveCfg = Release|x64
		{479A15B5-1B67-4EE5-8642-1BA0A10787A2}.Release|x64.Build.0 = Release|x64
		{EFE3760D-27BB-46FF-AEDB-28EBAE367EAE}.Debug|Any CPU.ActiveCfg = Debug|Win32
		{EFE3760D-27BB-46FF-AEDB-28EBAE367EAE}.Debug|Win32.ActiveCfg = Debug|Win32
		{EFE3760D-27BB-46FF-AEDB-28EBAE367EAE}.Debug|Win32.Build.0 = Debug|Win32
		{EFE3760D-27BB-46FF-AEDB-28EBAE367EAE}.Debug|x64.ActiveCfg = Debug|x64
		{EFE3760D-27BB-46FF-AEDB-28EBAE367EAE}.Debug|x64.Build.0 = Debug|x64
		{EFE3760D-27BB-46FF-AEDB-28EBAE367EAE}.Release|Any CPU.ActiveCfg = Release|Win32
		{EFE3760D-27BB-46FF-AEDB-28EBAE367EAE}.Release|Win32.ActiveCfg = Release|Win32
		{EFE3760D-27BB-46FF-AEDB-28EBAE367EAE}.Release|Win32.Build.0 = Release|Win32
		{EFE3760D-27BB-46FF-AEDB-28EBAE367EAE}.Release|x64.ActiveCfg = Release|x64
		{EFE3760D-27BB-46FF-AEDB-28EBAE367EAE}.Release|x64.Build.0 = Release|x64
		{583252BA-2B11-408E-AC77-4C0C610737EF}.Debug|Any CPU.ActiveCfg = Debug|Win32
		{583252BA-2B11-408E-AC77-4C0C610737EF}.Debug|Win32.ActiveCfg = Debug|Win32
		{583252BA-2B11-408E-AC77-4C0C610737EF}.Debug|Win32.Build.0 = Debug|Win32
		{583252BA-2B11-408E-AC77-4C0C610737EF}.Debug|x64.ActiveCfg = Debug|x64
		{583252BA-2B11-408E-AC77-4C0C610737EF}.Debug|x64.Build.0 = Debug|x64
		{583252BA-2B11-408E-AC77-4C0C610737EF}.Release|Any CPU.ActiveCfg = Release|Win32
		{583252BA-2B11-408E-AC77-4C0C610737EF}.Release|Win32.ActiveCfg = Release|Win32
		{583252BA-2B11-408E-AC77-4C0C610737EF}.Release|Win32.Build.0 = Release|Win32
		{583252BA-2B11-408E-AC77-4C0C610737EF}.Release|x64.ActiveCfg = Release|x64
		{583252BA-2B11-408E-AC77-4C0C610737EF}.Release|x64.Build.0 = Release|x64
		{B220E704-6CF2-4339-801A-00CF0B6DD170}.Debug|Any CPU.ActiveCfg = Debug|x64
		{B220E704-6CF2-4339-801A-00CF0B6DD170}.Debug|Any CPU.Build.0 = Debug|x64
		{B220E704-6CF2-4339-801A-00CF0B6DD170}.Debug|Win32.ActiveCfg = Debug|Win32
		{B220E704-6CF2-4339-801A-00CF0B6DD170}.Debug|Win32.Build.0 = Debug|Win32
		{B220E704-6CF2-4339-801A-00CF0B6DD170}.Debug|x64.ActiveCfg = Debug|x64
		{B220E704-6CF2-4339-801A-00CF0B6DD170}.Debug|x64.Build.0 = Debug|x64
		{B220E704-6CF2-4339-801A-00CF0B6DD170}.Release|Any CPU.ActiveCfg = Release|x64
		{B220E704-6CF2-4339-801A-00CF0B6DD170}.Release|Any CPU.Build.0 = Release|x64
		{B220E704-6CF2-4339-801A-00CF0B6DD170}.Release|Win32.ActiveCfg = Release|Win32
		{B220E704-6CF2-4339-801A-00CF0B6DD170}.Release|Win32.Build.0 = Release|Win32
		{B220E704-6CF2-4339-801A-00CF0B6DD170}.Release|x64.ActiveCfg = Release|x64
		{B220E704-6CF2-4339-801A-00CF0B6DD170}.Release|x64.Build.0 = Release|x64
		{8919B14E-4B86-4EDC-8A9F-0B27D8615000}.Debug|Any CPU.ActiveCfg = Debug|x64
		{8919B14E-4B86-4EDC-8A9F-0B27D8615000}.Debug|Any CPU.Build.0 = Debug|x64
		{8919B14E-4B86-4EDC-8A9F-0B27D8615000}.Debug|Win32.ActiveCfg = Debug|Win32
		{8919B14E-4B86-4EDC-8A9F-0B27D8615000}.Debug|Win32.Build.0 = Debug|Win32
		{8919B14E-4B86-4EDC-8A9F-0B27D8615000}.Debug|x64.ActiveCfg = Debug|x64
		{8919B14E-4B86-4EDC-8A9F-0B27D8615000}.Debug|x64.Build.0 = Debug|x64
		{8919B14E-4B86-4EDC-8A9F-0B27D8615000}.Release|Any CPU.ActiveCfg = Release|x64
		{8919B14E-4B86-4EDC-8A9F-0B27D8615000}.Release|Any CPU.Build.0 = Release|x64
		{8919B14E-4B86-4EDC-8A9F-0B27D8615000}.Release|Win32.ActiveCfg = Release|Win32
		{8919B14E-4B86-4EDC-8A9F-0B27D8615000}.Release|Win32.Build.0 = Release|Win32
		{8919B14E-4B86-4EDC-8A9F-0B27D8615000}.Release|x64.ActiveCfg = Release|x64
		{8919B14E-4B86-4EDC-8A9F-0B27D8615000}.Release|x64.Build.0 = Release|x64
		{AB4BFDCE-96B3-4B88-B5EE-4DF179B545A3}.Debug|Any CPU.ActiveCfg = Debug|Any CPU
		{AB4BFDCE-96B3-4B88-B5EE-4DF179B545A3}.Debug|Any CPU.Build.0 = Debug|Any CPU
		{AB4BFDCE-96B3-4B88-B5EE-4DF179B545A3}.Debug|Win32.ActiveCfg = Debug|Any CPU
		{AB4BFDCE-96B3-4B88-B5EE-4DF179B545A3}.Debug|Win32.Build.0 = Debug|Any CPU
		{AB4BFDCE-96B3-4B88-B5EE-4DF179B545A3}.Debug|x64.ActiveCfg = Debug|Any CPU
		{AB4BFDCE-96B3-4B88-B5EE-4DF179B545A3}.Debug|x64.Build.0 = Debug|Any CPU
		{AB4BFDCE-96B3-4B88-B5EE-4DF179B545A3}.Release|Any CPU.ActiveCfg = Release|Any CPU
		{AB4BFDCE-96B3-4B88-B5EE-4DF179B545A3}.Release|Any CPU.Build.0 = Release|Any CPU
		{AB4BFDCE-96B3-4B88-B5EE-4DF179B545A3}.Release|Win32.ActiveCfg = Release|Any CPU
		{AB4BFDCE-96B3-4B88-B5EE-4DF179B545A3}.Release|Win32.Build.0 = Release|Any CPU
		{AB4BFDCE-96B3-4B88-B5EE-4DF179B545A3}.Release|x64.ActiveCfg = Release|Any CPU
		{AB4BFDCE-96B3-4B88-B5EE-4DF179B545A3}.Release|x64.Build.0 = Release|Any CPU
	EndGlobalSection
	GlobalSection(SolutionProperties) = preSolution
		HideSolutionNode = FALSE
	EndGlobalSection
	GlobalSection(ExtensibilityGlobals) = postSolution
		SolutionGuid = {D74CB72D-171D-4F99-99F5-13E29C06F04C}
	EndGlobalSection
	GlobalSection(SharedMSBuildProjectFiles) = preSolution
		shared\shared.vcxitems*{479a15b5-1b67-4ee5-8642-1ba0a10787a2}*SharedItemsImports = 4
		shared\shared.vcxitems*{583252ba-2b11-408e-ac77-4c0c610737ef}*SharedItemsImports = 4
		shared\shared.vcxitems*{67e50f4d-91e8-4164-9c4a-9ec82537a660}*SharedItemsImports = 4
		shared\shared.vcxitems*{7728cd9d-0c26-462c-979a-f9064253be51}*SharedItemsImports = 4
		shared\shared.vcxitems*{8722ec3b-b930-4d3d-bb7c-3ad03cff4954}*SharedItemsImports = 9
		shared\shared.vcxitems*{8919b14e-4b86-4edc-8a9f-0b27d8615000}*SharedItemsImports = 4
		shared\shared.vcxitems*{b220e704-6cf2-4339-801a-00cf0b6dd170}*SharedItemsImports = 4
		shared\shared.vcxitems*{baaa7c4a-92b2-4fb6-b65d-2eceec5e6334}*SharedItemsImports = 4
		shared\shared.vcxitems*{efe3760d-27bb-46ff-aedb-28ebae367eae}*SharedItemsImports = 4
	EndGlobalSection
EndGlobal
